
Microsoft Visual Studio Solution File, Format Version 12.00
# Visual Studio Version 16
VisualStudioVersion = 16.0.29806.167
MinimumVisualStudioVersion = 10.0.40219.1
Project("{2150E333-8FDC-42A3-9474-1A3956D46DE8}") = "src", "src", "{0A147A5B-DB10-43CE-9CD6-C32BEFA87440}"
EndProject
Project("{2150E333-8FDC-42A3-9474-1A3956D46DE8}") = "test", "test", "{F512901D-6611-4C05-9E59-5C26DD603D2C}"
EndProject
Project("{9A19103F-16F7-4668-BE54-9A1E7A4F7556}") = "Ds.Test", "test\data-structure\Ds.Test.csproj", "{3C5493B5-A980-4694-98F1-7DEF7DDB9847}"
EndProject
Project("{9A19103F-16F7-4668-BE54-9A1E7A4F7556}") = "Ds", "src\data-structure\Ds.csproj", "{A904A08A-46F4-45EA-8E95-BC30E6147A3F}"
EndProject
Project("{9A19103F-16F7-4668-BE54-9A1E7A4F7556}") = "Algo", "src\algorithm\Algo.csproj", "{9FF9E745-0CCE-4863-9F4D-7B961A432203}"
EndProject
Project("{9A19103F-16F7-4668-BE54-9A1E7A4F7556}") = "Algo.Test", "test\algorithms\Algo.Test\Algo.Test.csproj", "{F37A05EE-70A0-4410-9230-1441BE02E629}"
EndProject
Project("{9A19103F-16F7-4668-BE54-9A1E7A4F7556}") = "Practice", "src\practice\Practice.csproj", "{281FD6DA-6531-41A1-AED5-A5D873BD5605}"
EndProject
Project("{9A19103F-16F7-4668-BE54-9A1E7A4F7556}") = "Practice.Test", "test\practice\Practice.Test.csproj", "{2C9E475C-8D4A-484E-8AA9-7788DBE75D72}"
EndProject
Project("{9A19103F-16F7-4668-BE54-9A1E7A4F7556}") = "HackerRank", "src\hacker-rank\HackerRank.csproj", "{A5778587-F5C6-400E-9B79-95EF12E34A28}"
EndProject
Project("{9A19103F-16F7-4668-BE54-9A1E7A4F7556}") = "Common", "src\common\Common.csproj", "{5E0E2699-42CB-49BC-8AF3-9EE20E9460CD}"
EndProject
Project("{9A19103F-16F7-4668-BE54-9A1E7A4F7556}") = "HackerRank.Test", "test\hacker-rank\HackerRank.Test.csproj", "{22BAD479-146C-479D-9438-BFCFD1FAC79B}"
EndProject
Project("{9A19103F-16F7-4668-BE54-9A1E7A4F7556}") = "Common.Test", "test\common\Common.Test.csproj", "{291B2481-FFBE-4CD4-9E2C-F01CD2A65212}"
EndProject
Global
	GlobalSection(SolutionConfigurationPlatforms) = preSolution
		Debug|Any CPU = Debug|Any CPU
		Release|Any CPU = Release|Any CPU
	EndGlobalSection
	GlobalSection(ProjectConfigurationPlatforms) = postSolution
		{3C5493B5-A980-4694-98F1-7DEF7DDB9847}.Debug|Any CPU.ActiveCfg = Debug|Any CPU
		{3C5493B5-A980-4694-98F1-7DEF7DDB9847}.Debug|Any CPU.Build.0 = Debug|Any CPU
		{3C5493B5-A980-4694-98F1-7DEF7DDB9847}.Release|Any CPU.ActiveCfg = Release|Any CPU
		{3C5493B5-A980-4694-98F1-7DEF7DDB9847}.Release|Any CPU.Build.0 = Release|Any CPU
		{A904A08A-46F4-45EA-8E95-BC30E6147A3F}.Debug|Any CPU.ActiveCfg = Debug|Any CPU
		{A904A08A-46F4-45EA-8E95-BC30E6147A3F}.Debug|Any CPU.Build.0 = Debug|Any CPU
		{A904A08A-46F4-45EA-8E95-BC30E6147A3F}.Release|Any CPU.ActiveCfg = Release|Any CPU
		{A904A08A-46F4-45EA-8E95-BC30E6147A3F}.Release|Any CPU.Build.0 = Release|Any CPU
		{9FF9E745-0CCE-4863-9F4D-7B961A432203}.Debug|Any CPU.ActiveCfg = Debug|Any CPU
		{9FF9E745-0CCE-4863-9F4D-7B961A432203}.Debug|Any CPU.Build.0 = Debug|Any CPU
		{9FF9E745-0CCE-4863-9F4D-7B961A432203}.Release|Any CPU.ActiveCfg = Release|Any CPU
		{9FF9E745-0CCE-4863-9F4D-7B961A432203}.Release|Any CPU.Build.0 = Release|Any CPU
		{F37A05EE-70A0-4410-9230-1441BE02E629}.Debug|Any CPU.ActiveCfg = Debug|Any CPU
		{F37A05EE-70A0-4410-9230-1441BE02E629}.Debug|Any CPU.Build.0 = Debug|Any CPU
		{F37A05EE-70A0-4410-9230-1441BE02E629}.Release|Any CPU.ActiveCfg = Release|Any CPU
		{F37A05EE-70A0-4410-9230-1441BE02E629}.Release|Any CPU.Build.0 = Release|Any CPU
		{281FD6DA-6531-41A1-AED5-A5D873BD5605}.Debug|Any CPU.ActiveCfg = Debug|Any CPU
		{281FD6DA-6531-41A1-AED5-A5D873BD5605}.Debug|Any CPU.Build.0 = Debug|Any CPU
		{281FD6DA-6531-41A1-AED5-A5D873BD5605}.Release|Any CPU.ActiveCfg = Release|Any CPU
		{281FD6DA-6531-41A1-AED5-A5D873BD5605}.Release|Any CPU.Build.0 = Release|Any CPU
		{2C9E475C-8D4A-484E-8AA9-7788DBE75D72}.Debug|Any CPU.ActiveCfg = Debug|Any CPU
		{2C9E475C-8D4A-484E-8AA9-7788DBE75D72}.Debug|Any CPU.Build.0 = Debug|Any CPU
		{2C9E475C-8D4A-484E-8AA9-7788DBE75D72}.Release|Any CPU.ActiveCfg = Release|Any CPU
		{2C9E475C-8D4A-484E-8AA9-7788DBE75D72}.Release|Any CPU.Build.0 = Release|Any CPU
		{A5778587-F5C6-400E-9B79-95EF12E34A28}.Debug|Any CPU.ActiveCfg = Debug|Any CPU
		{A5778587-F5C6-400E-9B79-95EF12E34A28}.Debug|Any CPU.Build.0 = Debug|Any CPU
		{A5778587-F5C6-400E-9B79-95EF12E34A28}.Release|Any CPU.ActiveCfg = Release|Any CPU
		{A5778587-F5C6-400E-9B79-95EF12E34A28}.Release|Any CPU.Build.0 = Release|Any CPU
		{5E0E2699-42CB-49BC-8AF3-9EE20E9460CD}.Debug|Any CPU.ActiveCfg = Debug|Any CPU
		{5E0E2699-42CB-49BC-8AF3-9EE20E9460CD}.Debug|Any CPU.Build.0 = Debug|Any CPU
		{5E0E2699-42CB-49BC-8AF3-9EE20E9460CD}.Release|Any CPU.ActiveCfg = Release|Any CPU
		{5E0E2699-42CB-49BC-8AF3-9EE20E9460CD}.Release|Any CPU.Build.0 = Release|Any CPU
		{22BAD479-146C-479D-9438-BFCFD1FAC79B}.Debug|Any CPU.ActiveCfg = Debug|Any CPU
		{22BAD479-146C-479D-9438-BFCFD1FAC79B}.Debug|Any CPU.Build.0 = Debug|Any CPU
		{22BAD479-146C-479D-9438-BFCFD1FAC79B}.Release|Any CPU.ActiveCfg = Release|Any CPU
		{22BAD479-146C-479D-9438-BFCFD1FAC79B}.Release|Any CPU.Build.0 = Release|Any CPU
		{291B2481-FFBE-4CD4-9E2C-F01CD2A65212}.Debug|Any CPU.ActiveCfg = Debug|Any CPU
		{291B2481-FFBE-4CD4-9E2C-F01CD2A65212}.Debug|Any CPU.Build.0 = Debug|Any CPU
		{291B2481-FFBE-4CD4-9E2C-F01CD2A65212}.Release|Any CPU.ActiveCfg = Release|Any CPU
		{291B2481-FFBE-4CD4-9E2C-F01CD2A65212}.Release|Any CPU.Build.0 = Release|Any CPU
	EndGlobalSection
	GlobalSection(SolutionProperties) = preSolution
		HideSolutionNode = FALSE
	EndGlobalSection
	GlobalSection(NestedProjects) = preSolution
		{3C5493B5-A980-4694-98F1-7DEF7DDB9847} = {F512901D-6611-4C05-9E59-5C26DD603D2C}
		{A904A08A-46F4-45EA-8E95-BC30E6147A3F} = {0A147A5B-DB10-43CE-9CD6-C32BEFA87440}
		{9FF9E745-0CCE-4863-9F4D-7B961A432203} = {0A147A5B-DB10-43CE-9CD6-C32BEFA87440}
		{F37A05EE-70A0-4410-9230-1441BE02E629} = {F512901D-6611-4C05-9E59-5C26DD603D2C}
		{281FD6DA-6531-41A1-AED5-A5D873BD5605} = {0A147A5B-DB10-43CE-9CD6-C32BEFA87440}
		{2C9E475C-8D4A-484E-8AA9-7788DBE75D72} = {F512901D-6611-4C05-9E59-5C26DD603D2C}
		{A5778587-F5C6-400E-9B79-95EF12E34A28} = {0A147A5B-DB10-43CE-9CD6-C32BEFA87440}
		{5E0E2699-42CB-49BC-8AF3-9EE20E9460CD} = {0A147A5B-DB10-43CE-9CD6-C32BEFA87440}
		{22BAD479-146C-479D-9438-BFCFD1FAC79B} = {F512901D-6611-4C05-9E59-5C26DD603D2C}
		{291B2481-FFBE-4CD4-9E2C-F01CD2A65212} = {F512901D-6611-4C05-9E59-5C26DD603D2C}
	EndGlobalSection
	GlobalSection(ExtensibilityGlobals) = postSolution
		SolutionGuid = {681EDC86-E0EA-4868-B1B1-6CFA977EC11D}
	EndGlobalSection
EndGlobal
